{
  "originHash" : "783ff26738bd347329426e05ecaaf8e2f12b3d7a041a728d74f4c5a0f2909442",
  "pins" : [
    {
      "identity" : "swift-cwinrt",
      "kind" : "remoteSourceControl",
      "location" : "https://github.com/thebrowsercompany/swift-cwinrt",
      "state" : {
        "branch" : "main",
        "revision" : "ad451d31fc7c1c60041c146d177cdaf5aaf1cf47"
      }
    },
    {
      "identity" : "swift-syntax",
      "kind" : "remoteSourceControl",
      "location" : "https://github.com/apple/swift-syntax",
      "state" : {
        "revision" : "64889f0c732f210a935a0ad7cda38f77f876262d",
        "version" : "509.1.1"
      }
    },
    {
      "identity" : "swift-uwp",
      "kind" : "remoteSourceControl",
      "location" : "https://github.com/thebrowsercompany/swift-uwp",
      "state" : {
        "branch" : "main",
        "revision" : "cfad0a43469211bf7eb58ed23af3d4a176faec07"
      }
    },
    {
      "identity" : "swift-windowsappsdk",
      "kind" : "remoteSourceControl",
      "location" : "https://github.com/thebrowsercompany/swift-windowsappsdk",
      "state" : {
        "branch" : "main",
        "revision" : "8d094d4478d0eabcf584fef133b8ce45287ecd72"
      }
    },
    {
      "identity" : "swift-windowsfoundation",
      "kind" : "remoteSourceControl",
      "location" : "https://github.com/thebrowsercompany/swift-windowsfoundation",
      "state" : {
        "branch" : "main",
        "revision" : "ba7a8b5000ed3f9f077000d1a31f2a0b19907657"
      }
    },
    {
      "identity" : "swift-winui",
      "kind" : "remoteSourceControl",
      "location" : "https://github.com/ducaale/swift-winui",
      "state" : {
        "branch" : "navigationview-bindings",
        "revision" : "b01b7513da51a7b85c0b2d0f2507f00a738933d3"
      }
    }
  ],
  "version" : 3
}